
Microsoft Visual Studio Solution File, Format Version 12.00
# Visual Studio Version 16
VisualStudioVersion = 25.0.1704.4
MinimumVisualStudioVersion = 10.0.40219.1
Project("{FAE04EC0-301F-11D3-BF4B-00C04F79EFBC}") = "database_ktp", "database_ktp\database_ktp.csproj", "{B380464C-4FA9-4BCD-A7C8-1DECF924F1A6}"
EndProject
Global
	GlobalSection(SolutionConfigurationPlatforms) = preSolution
		Debug|Any CPU = Debug|Any CPU
		Release|Any CPU = Release|Any CPU
	EndGlobalSection
	GlobalSection(ProjectConfigurationPlatforms) = postSolution
		{B380464C-4FA9-4BCD-A7C8-1DECF924F1A6}.Debug|Any CPU.ActiveCfg = Debug|Any CPU
		{B380464C-4FA9-4BCD-A7C8-1DECF924F1A6}.Debug|Any CPU.Build.0 = Debug|Any CPU
		{B380464C-4FA9-4BCD-A7C8-1DECF924F1A6}.Release|Any CPU.ActiveCfg = Release|Any CPU
		{B380464C-4FA9-4BCD-A7C8-1DECF924F1A6}.Release|Any CPU.Build.0 = Release|Any CPU
	EndGlobalSection
	GlobalSection(SolutionProperties) = preSolution
		HideSolutionNode = FALSE
	EndGlobalSection
	GlobalSection(ExtensibilityGlobals) = postSolution
		SolutionGuid = {C172D482-DC57-4DDC-9E99-E5DEDBDDAB98}
	EndGlobalSection
EndGlobal
